// !$*UTF8*$!
{
	archiveVersion = 1;
	classes = {
	};
	objectVersion = 46;
	objects = {

/* Begin PBXAggregateTarget section */
		5EF52FBEFD244D4FBD1DFC5E /* ALL_BUILD */ = {
			isa = PBXAggregateTarget;
			buildConfigurationList = 42A3B6F4218C4D068F20DFCC /* Build configuration list for PBXAggregateTarget "ALL_BUILD" */;
			buildPhases = (
				2D72DD9A21784BD7A7D06013 /* CMake Rules */,
			);
			dependencies = (
				1C984343A9B141899EA0179B /* PBXTargetDependency */,
				B765C0EDE9FB40EFBED6C250 /* PBXTargetDependency */,
				C5BA5A4C1F164D45AABF4342 /* PBXTargetDependency */,
			);
			name = ALL_BUILD;
			productName = ALL_BUILD;
		};
		AB1D77833B734DEE93FA7C91 /* ZERO_CHECK */ = {
			isa = PBXAggregateTarget;
			buildConfigurationList = FD0F46D7E76340228D2CF41F /* Build configuration list for PBXAggregateTarget "ZERO_CHECK" */;
			buildPhases = (
				B48F733F6E364CB0867A06F0 /* CMake Rules */,
			);
			dependencies = (
			);
			name = ZERO_CHECK;
			productName = ZERO_CHECK;
		};
/* End PBXAggregateTarget section */

/* Begin PBXBuildFile section */
		1AE96267158744E0994034E8 /* /Users/s1r/Desktop/computer_graphics_hw2/src/yocto_img.cpp */ = {isa = PBXBuildFile; fileRef = 90CCEAFEA1E2442BACBDA7DC /* /Users/s1r/Desktop/computer_graphics_hw2/src/yocto_img.cpp */; };
		2310B6AA760643E985688EF6 /* /Users/s1r/Desktop/computer_graphics_hw2/src/yocto_scn.h */ = {isa = PBXBuildFile; fileRef = 3AF93D2E1689416B8B00C507 /* /Users/s1r/Desktop/computer_graphics_hw2/src/yocto_scn.h */; };
		41B757D392834F8FA07A960B /* /Users/s1r/Desktop/computer_graphics_hw2/src/yocto_math.h */ = {isa = PBXBuildFile; fileRef = 1D1A6ADA0690462FA4197FDB /* /Users/s1r/Desktop/computer_graphics_hw2/src/yocto_math.h */; };
		5532310D5CD3421CB050BEEA /* /Users/s1r/Desktop/computer_graphics_hw2/src/yocto_scn.cpp */ = {isa = PBXBuildFile; fileRef = 635CA961D7EB452EA7F3E662 /* /Users/s1r/Desktop/computer_graphics_hw2/src/yocto_scn.cpp */; };
		55BA2CF190D3472EBA90175C /* /Users/s1r/Desktop/computer_graphics_hw2/src/ext/stb_image.h */ = {isa = PBXBuildFile; fileRef = 2F047CF9DA25494B87F42D96 /* /Users/s1r/Desktop/computer_graphics_hw2/src/ext/stb_image.h */; };
		58CB70BA882C4BFF9904A777 /* /Users/s1r/Desktop/computer_graphics_hw2/CMakeLists.txt */ = {isa = PBXBuildFile; fileRef = 5670B0483AE342298D6CB3DB /* /Users/s1r/Desktop/computer_graphics_hw2/CMakeLists.txt */; };
		5C766287C3E745F7AA4FDD88 /* /Users/s1r/Desktop/computer_graphics_hw2/src/ext/stb_image_write.h */ = {isa = PBXBuildFile; fileRef = BAC0D3A4DE8D42BBB7DEDE18 /* /Users/s1r/Desktop/computer_graphics_hw2/src/ext/stb_image_write.h */; };
		5DEBBD610E4D402185978524 /* /Users/s1r/Desktop/computer_graphics_hw2/src/printData.h */ = {isa = PBXBuildFile; fileRef = 90D7D15ABA3A41F583DE4BF6 /* /Users/s1r/Desktop/computer_graphics_hw2/src/printData.h */; };
		85967E5A48CE4AC5B60DDD91 /* /Users/s1r/Desktop/computer_graphics_hw2/src/yocto_obj.h */ = {isa = PBXBuildFile; fileRef = D0E173CAD07C49D2AF4EBAD6 /* /Users/s1r/Desktop/computer_graphics_hw2/src/yocto_obj.h */; };
		8E7E414FD1124957A2117D14 /* /Users/s1r/Desktop/computer_graphics_hw2/src/ext/tinyexr.h */ = {isa = PBXBuildFile; fileRef = 9B2AE4B1365C4793BB58875B /* /Users/s1r/Desktop/computer_graphics_hw2/src/ext/tinyexr.h */; };
		908299264D6447789C012385 /* /Users/s1r/Desktop/computer_graphics_hw2/src/yocto_gltf.h */ = {isa = PBXBuildFile; fileRef = 921C9F3CEE34459DA78D307B /* /Users/s1r/Desktop/computer_graphics_hw2/src/yocto_gltf.h */; };
		993F586785DE43CF921987D2 /* /Users/s1r/Desktop/computer_graphics_hw2/src/raytrace.cpp */ = {isa = PBXBuildFile; fileRef = 38571C873E6C4213A8AECB82 /* /Users/s1r/Desktop/computer_graphics_hw2/src/raytrace.cpp */; };
		A24133D03C9A4A13BC2CD86F /* /Users/s1r/Desktop/computer_graphics_hw2/src/yocto_img.h */ = {isa = PBXBuildFile; fileRef = CDDF619A3843488CB6C4B11E /* /Users/s1r/Desktop/computer_graphics_hw2/src/yocto_img.h */; };
		AEE1C87F234F43D5AD66FA61 /* /Users/s1r/Desktop/computer_graphics_hw2/src/yocto_obj.cpp */ = {isa = PBXBuildFile; fileRef = 8721EC3110D848DBAF7615E3 /* /Users/s1r/Desktop/computer_graphics_hw2/src/yocto_obj.cpp */; };
		B04CCB0CD31B472A98E6B175 /* /Users/s1r/Desktop/computer_graphics_hw2/src/yocto_gltf.cpp */ = {isa = PBXBuildFile; fileRef = 91FEC361296246BAB79696FE /* /Users/s1r/Desktop/computer_graphics_hw2/src/yocto_gltf.cpp */; };
		B30934D654414953B1D88718 /* /Users/s1r/Desktop/computer_graphics_hw2/src/yocto_utils.h */ = {isa = PBXBuildFile; fileRef = 9556290DD36F49A58E5C75E5 /* /Users/s1r/Desktop/computer_graphics_hw2/src/yocto_utils.h */; };
		D60A719DC85542E6BAFEA61D /* /Users/s1r/Desktop/computer_graphics_hw2/src/tesselation.h */ = {isa = PBXBuildFile; fileRef = BAA0742E249E478C8F3F48B6 /* /Users/s1r/Desktop/computer_graphics_hw2/src/tesselation.h */; };
		E80243D6A81E43F48C537EA9 /* /Users/s1r/Desktop/computer_graphics_hw2/src/ext/json.hpp */ = {isa = PBXBuildFile; fileRef = 039BD23DB0984C93A440120D /* /Users/s1r/Desktop/computer_graphics_hw2/src/ext/json.hpp */; };
		ED4C8726D8344F05843C0FA6 /* /Users/s1r/Desktop/computer_graphics_hw2/CMakeLists.txt */ = {isa = PBXBuildFile; fileRef = 2C7F3B831F2F4B3AA97D834A /* /Users/s1r/Desktop/computer_graphics_hw2/CMakeLists.txt */; };
		F50B278BD53F43609509063D /* /Users/s1r/Desktop/computer_graphics_hw2/src/ext/stb_image_resize.h */ = {isa = PBXBuildFile; fileRef = 1E28BCE419404B5A833635BC /* /Users/s1r/Desktop/computer_graphics_hw2/src/ext/stb_image_resize.h */; };
/* End PBXBuildFile section */

/* Begin PBXBuildStyle section */
		41AD57005E244E8CB456A43B /* Release */ = {
			isa = PBXBuildStyle;
			buildSettings = {
				COPY_PHASE_STRIP = NO;
			};
			name = Release;
		};
		515EF4CB5B904DFC8A22F52A /* MinSizeRel */ = {
			isa = PBXBuildStyle;
			buildSettings = {
				COPY_PHASE_STRIP = NO;
			};
			name = MinSizeRel;
		};
		56D5E1DAC3A14BB4A579F883 /* RelWithDebInfo */ = {
			isa = PBXBuildStyle;
			buildSettings = {
				COPY_PHASE_STRIP = NO;
			};
			name = RelWithDebInfo;
		};
		8951E1B8D0F748BA894ABF0E /* Debug */ = {
			isa = PBXBuildStyle;
			buildSettings = {
				COPY_PHASE_STRIP = NO;
			};
			name = Debug;
		};
/* End PBXBuildStyle section */

/* Begin PBXContainerItemProxy section */
		00BEB65D3BD6485698A2EF1D /* PBXContainerItemProxy */ = {
			isa = PBXContainerItemProxy;
			containerPortal = 1A6D284DAF44428696426DC2 /* Project object */;
			proxyType = 1;
			remoteGlobalIDString = AB1D77833B734DEE93FA7C91;
			remoteInfo = ZERO_CHECK;
		};
		3B04BE6CAD834855B98E2CF3 /* PBXContainerItemProxy */ = {
			isa = PBXContainerItemProxy;
			containerPortal = 1A6D284DAF44428696426DC2 /* Project object */;
			proxyType = 1;
			remoteGlobalIDString = 8B9EE0621BAC48C7AC1A7C0B;
			remoteInfo = hwlib;
		};
		6B0B1D183AEF4F88A6144517 /* PBXContainerItemProxy */ = {
			isa = PBXContainerItemProxy;
			containerPortal = 1A6D284DAF44428696426DC2 /* Project object */;
			proxyType = 1;
			remoteGlobalIDString = AB1D77833B734DEE93FA7C91;
			remoteInfo = ZERO_CHECK;
		};
		7B2F7FD7CE3647CF92591EB9 /* PBXContainerItemProxy */ = {
			isa = PBXContainerItemProxy;
			containerPortal = 1A6D284DAF44428696426DC2 /* Project object */;
			proxyType = 1;
			remoteGlobalIDString = AB1D77833B734DEE93FA7C91;
			remoteInfo = ZERO_CHECK;
		};
		91F6C39177A74D9FBFD3EA4F /* PBXContainerItemProxy */ = {
			isa = PBXContainerItemProxy;
			containerPortal = 1A6D284DAF44428696426DC2 /* Project object */;
			proxyType = 1;
			remoteGlobalIDString = 4BC3516EA60A417A8A463C5A;
			remoteInfo = raytrace;
		};
		B854257FDE174059BA537FE3 /* PBXContainerItemProxy */ = {
			isa = PBXContainerItemProxy;
			containerPortal = 1A6D284DAF44428696426DC2 /* Project object */;
			proxyType = 1;
			remoteGlobalIDString = 8B9EE0621BAC48C7AC1A7C0B;
			remoteInfo = hwlib;
		};
/* End PBXContainerItemProxy section */

/* Begin PBXFileReference section */
		039BD23DB0984C93A440120D /* /Users/s1r/Desktop/computer_graphics_hw2/src/ext/json.hpp */ = {isa = PBXFileReference; explicitFileType = sourcecode.cpp.h; fileEncoding = 4; name = json.hpp; path = src/ext/json.hpp; sourceTree = SOURCE_ROOT; };
		1D1A6ADA0690462FA4197FDB /* /Users/s1r/Desktop/computer_graphics_hw2/src/yocto_math.h */ = {isa = PBXFileReference; explicitFileType = sourcecode.c.h; fileEncoding = 4; name = yocto_math.h; path = src/yocto_math.h; sourceTree = SOURCE_ROOT; };
		1E28BCE419404B5A833635BC /* /Users/s1r/Desktop/computer_graphics_hw2/src/ext/stb_image_resize.h */ = {isa = PBXFileReference; explicitFileType = sourcecode.c.h; fileEncoding = 4; name = stb_image_resize.h; path = src/ext/stb_image_resize.h; sourceTree = SOURCE_ROOT; };
		2C7F3B831F2F4B3AA97D834A /* /Users/s1r/Desktop/computer_graphics_hw2/CMakeLists.txt */ = {isa = PBXFileReference; explicitFileType = sourcecode.text; fileEncoding = 4; name = CMakeLists.txt; path = CMakeLists.txt; sourceTree = SOURCE_ROOT; };
		2F047CF9DA25494B87F42D96 /* /Users/s1r/Desktop/computer_graphics_hw2/src/ext/stb_image.h */ = {isa = PBXFileReference; explicitFileType = sourcecode.c.h; fileEncoding = 4; name = stb_image.h; path = src/ext/stb_image.h; sourceTree = SOURCE_ROOT; };
		38571C873E6C4213A8AECB82 /* /Users/s1r/Desktop/computer_graphics_hw2/src/raytrace.cpp */ = {isa = PBXFileReference; explicitFileType = sourcecode.cpp.cpp; fileEncoding = 4; name = raytrace.cpp; path = src/raytrace.cpp; sourceTree = SOURCE_ROOT; };
		3AF93D2E1689416B8B00C507 /* /Users/s1r/Desktop/computer_graphics_hw2/src/yocto_scn.h */ = {isa = PBXFileReference; explicitFileType = sourcecode.c.h; fileEncoding = 4; name = yocto_scn.h; path = src/yocto_scn.h; sourceTree = SOURCE_ROOT; };
		5670B0483AE342298D6CB3DB /* /Users/s1r/Desktop/computer_graphics_hw2/CMakeLists.txt */ = {isa = PBXFileReference; explicitFileType = sourcecode.text; fileEncoding = 4; name = CMakeLists.txt; path = CMakeLists.txt; sourceTree = SOURCE_ROOT; };
		5D172A34832E4C32B309EEC9 /* /Users/s1r/Desktop/computer_graphics_hw2/CMakeLists.txt */ = {isa = PBXFileReference; explicitFileType = sourcecode.text; fileEncoding = 4; name = CMakeLists.txt; path = CMakeLists.txt; sourceTree = SOURCE_ROOT; };
		635CA961D7EB452EA7F3E662 /* /Users/s1r/Desktop/computer_graphics_hw2/src/yocto_scn.cpp */ = {isa = PBXFileReference; explicitFileType = sourcecode.cpp.cpp; fileEncoding = 4; name = yocto_scn.cpp; path = src/yocto_scn.cpp; sourceTree = SOURCE_ROOT; };
		86F8159A9CD44F47B97C72A9 /* hwlib */ = {isa = PBXFileReference; explicitFileType = archive.ar; path = libhwlib.a; sourceTree = BUILT_PRODUCTS_DIR; };
		8721EC3110D848DBAF7615E3 /* /Users/s1r/Desktop/computer_graphics_hw2/src/yocto_obj.cpp */ = {isa = PBXFileReference; explicitFileType = sourcecode.cpp.cpp; fileEncoding = 4; name = yocto_obj.cpp; path = src/yocto_obj.cpp; sourceTree = SOURCE_ROOT; };
		90CCEAFEA1E2442BACBDA7DC /* /Users/s1r/Desktop/computer_graphics_hw2/src/yocto_img.cpp */ = {isa = PBXFileReference; explicitFileType = sourcecode.cpp.cpp; fileEncoding = 4; name = yocto_img.cpp; path = src/yocto_img.cpp; sourceTree = SOURCE_ROOT; };
		90D7D15ABA3A41F583DE4BF6 /* /Users/s1r/Desktop/computer_graphics_hw2/src/printData.h */ = {isa = PBXFileReference; explicitFileType = sourcecode.c.h; fileEncoding = 4; name = printData.h; path = src/printData.h; sourceTree = SOURCE_ROOT; };
		91FEC361296246BAB79696FE /* /Users/s1r/Desktop/computer_graphics_hw2/src/yocto_gltf.cpp */ = {isa = PBXFileReference; explicitFileType = sourcecode.cpp.cpp; fileEncoding = 4; name = yocto_gltf.cpp; path = src/yocto_gltf.cpp; sourceTree = SOURCE_ROOT; };
		921C9F3CEE34459DA78D307B /* /Users/s1r/Desktop/computer_graphics_hw2/src/yocto_gltf.h */ = {isa = PBXFileReference; explicitFileType = sourcecode.c.h; fileEncoding = 4; name = yocto_gltf.h; path = src/yocto_gltf.h; sourceTree = SOURCE_ROOT; };
		9556290DD36F49A58E5C75E5 /* /Users/s1r/Desktop/computer_graphics_hw2/src/yocto_utils.h */ = {isa = PBXFileReference; explicitFileType = sourcecode.c.h; fileEncoding = 4; name = yocto_utils.h; path = src/yocto_utils.h; sourceTree = SOURCE_ROOT; };
		9B2AE4B1365C4793BB58875B /* /Users/s1r/Desktop/computer_graphics_hw2/src/ext/tinyexr.h */ = {isa = PBXFileReference; explicitFileType = sourcecode.c.h; fileEncoding = 4; name = tinyexr.h; path = src/ext/tinyexr.h; sourceTree = SOURCE_ROOT; };
		B8E4CA3E6F444FB2853859D6 /* raytrace */ = {isa = PBXFileReference; explicitFileType = "compiled.mach-o.executable"; path = raytrace; sourceTree = BUILT_PRODUCTS_DIR; };
		BAA0742E249E478C8F3F48B6 /* /Users/s1r/Desktop/computer_graphics_hw2/src/tesselation.h */ = {isa = PBXFileReference; explicitFileType = sourcecode.c.h; fileEncoding = 4; name = tesselation.h; path = src/tesselation.h; sourceTree = SOURCE_ROOT; };
		BAC0D3A4DE8D42BBB7DEDE18 /* /Users/s1r/Desktop/computer_graphics_hw2/src/ext/stb_image_write.h */ = {isa = PBXFileReference; explicitFileType = sourcecode.c.h; fileEncoding = 4; name = stb_image_write.h; path = src/ext/stb_image_write.h; sourceTree = SOURCE_ROOT; };
		CDDF619A3843488CB6C4B11E /* /Users/s1r/Desktop/computer_graphics_hw2/src/yocto_img.h */ = {isa = PBXFileReference; explicitFileType = sourcecode.c.h; fileEncoding = 4; name = yocto_img.h; path = src/yocto_img.h; sourceTree = SOURCE_ROOT; };
		D0E173CAD07C49D2AF4EBAD6 /* /Users/s1r/Desktop/computer_graphics_hw2/src/yocto_obj.h */ = {isa = PBXFileReference; explicitFileType = sourcecode.c.h; fileEncoding = 4; name = yocto_obj.h; path = src/yocto_obj.h; sourceTree = SOURCE_ROOT; };
		EF9D220B78A0405EA7F5730A /* /Users/s1r/Desktop/computer_graphics_hw2/CMakeLists.txt */ = {isa = PBXFileReference; explicitFileType = sourcecode.text; fileEncoding = 4; name = CMakeLists.txt; path = CMakeLists.txt; sourceTree = SOURCE_ROOT; };
/* End PBXFileReference section */

/* Begin PBXGroup section */
		1016B333CEA44A91B15F6005 /* hwlib */ = {
			isa = PBXGroup;
			children = (
				AA97D5E930F0433EB77AA2EF /* Header Files */,
				2441D6481C06459DBB00EDCB /* Source Files */,
				2C7F3B831F2F4B3AA97D834A /* /Users/s1r/Desktop/computer_graphics_hw2/CMakeLists.txt */,
			);
			name = hwlib;
			sourceTree = "<group>";
		};
		2441D6481C06459DBB00EDCB /* Source Files */ = {
			isa = PBXGroup;
			children = (
				91FEC361296246BAB79696FE /* /Users/s1r/Desktop/computer_graphics_hw2/src/yocto_gltf.cpp */,
				90CCEAFEA1E2442BACBDA7DC /* /Users/s1r/Desktop/computer_graphics_hw2/src/yocto_img.cpp */,
				8721EC3110D848DBAF7615E3 /* /Users/s1r/Desktop/computer_graphics_hw2/src/yocto_obj.cpp */,
				635CA961D7EB452EA7F3E662 /* /Users/s1r/Desktop/computer_graphics_hw2/src/yocto_scn.cpp */,
			);
			name = "Source Files";
			sourceTree = "<group>";
		};
		62D28D05FC20409CA9A1A284 /* raytrace */ = {
			isa = PBXGroup;
			children = (
				85A9C9C9543945F4BB6BE3B2 /* Source Files */,
				5670B0483AE342298D6CB3DB /* /Users/s1r/Desktop/computer_graphics_hw2/CMakeLists.txt */,
			);
			name = raytrace;
			sourceTree = "<group>";
		};
		85A9C9C9543945F4BB6BE3B2 /* Source Files */ = {
			isa = PBXGroup;
			children = (
				38571C873E6C4213A8AECB82 /* /Users/s1r/Desktop/computer_graphics_hw2/src/raytrace.cpp */,
			);
			name = "Source Files";
			sourceTree = "<group>";
		};
		9260AAB0704748168205F27E /* Products */ = {
			isa = PBXGroup;
			children = (
				86F8159A9CD44F47B97C72A9 /* hwlib */,
				B8E4CA3E6F444FB2853859D6 /* raytrace */,
			);
			name = Products;
			sourceTree = "<group>";
		};
		928F5674AE324BFCA923A39C /* CMake Rules */ = {
			isa = PBXGroup;
			children = (
			);
			name = "CMake Rules";
			sourceTree = "<group>";
		};
		974DB4A2D322465B8A2FCFF1 /* ALL_BUILD */ = {
			isa = PBXGroup;
			children = (
				B1D02D6296B34963B8731980 /* CMake Rules */,
				EF9D220B78A0405EA7F5730A /* /Users/s1r/Desktop/computer_graphics_hw2/CMakeLists.txt */,
			);
			name = ALL_BUILD;
			sourceTree = "<group>";
		};
		A60039562C204A0BAD827129 = {
			isa = PBXGroup;
			children = (
				62D28D05FC20409CA9A1A284 /* raytrace */,
				1016B333CEA44A91B15F6005 /* hwlib */,
				974DB4A2D322465B8A2FCFF1 /* ALL_BUILD */,
				EA7F92F94446417D85632754 /* ZERO_CHECK */,
				9260AAB0704748168205F27E /* Products */,
			);
			sourceTree = "<group>";
		};
		AA97D5E930F0433EB77AA2EF /* Header Files */ = {
			isa = PBXGroup;
			children = (
				039BD23DB0984C93A440120D /* /Users/s1r/Desktop/computer_graphics_hw2/src/ext/json.hpp */,
				2F047CF9DA25494B87F42D96 /* /Users/s1r/Desktop/computer_graphics_hw2/src/ext/stb_image.h */,
				1E28BCE419404B5A833635BC /* /Users/s1r/Desktop/computer_graphics_hw2/src/ext/stb_image_resize.h */,
				BAC0D3A4DE8D42BBB7DEDE18 /* /Users/s1r/Desktop/computer_graphics_hw2/src/ext/stb_image_write.h */,
				9B2AE4B1365C4793BB58875B /* /Users/s1r/Desktop/computer_graphics_hw2/src/ext/tinyexr.h */,
				90D7D15ABA3A41F583DE4BF6 /* /Users/s1r/Desktop/computer_graphics_hw2/src/printData.h */,
				BAA0742E249E478C8F3F48B6 /* /Users/s1r/Desktop/computer_graphics_hw2/src/tesselation.h */,
				921C9F3CEE34459DA78D307B /* /Users/s1r/Desktop/computer_graphics_hw2/src/yocto_gltf.h */,
				CDDF619A3843488CB6C4B11E /* /Users/s1r/Desktop/computer_graphics_hw2/src/yocto_img.h */,
				1D1A6ADA0690462FA4197FDB /* /Users/s1r/Desktop/computer_graphics_hw2/src/yocto_math.h */,
				D0E173CAD07C49D2AF4EBAD6 /* /Users/s1r/Desktop/computer_graphics_hw2/src/yocto_obj.h */,
				3AF93D2E1689416B8B00C507 /* /Users/s1r/Desktop/computer_graphics_hw2/src/yocto_scn.h */,
				9556290DD36F49A58E5C75E5 /* /Users/s1r/Desktop/computer_graphics_hw2/src/yocto_utils.h */,
			);
			name = "Header Files";
			sourceTree = "<group>";
		};
		B1D02D6296B34963B8731980 /* CMake Rules */ = {
			isa = PBXGroup;
			children = (
			);
			name = "CMake Rules";
			sourceTree = "<group>";
		};
		EA7F92F94446417D85632754 /* ZERO_CHECK */ = {
			isa = PBXGroup;
			children = (
				928F5674AE324BFCA923A39C /* CMake Rules */,
				5D172A34832E4C32B309EEC9 /* /Users/s1r/Desktop/computer_graphics_hw2/CMakeLists.txt */,
			);
			name = ZERO_CHECK;
			sourceTree = "<group>";
		};
/* End PBXGroup section */

/* Begin PBXNativeTarget section */
		4BC3516EA60A417A8A463C5A /* raytrace */ = {
			isa = PBXNativeTarget;
			buildConfigurationList = D9BB361BCFE04A878F2056FD /* Build configuration list for PBXNativeTarget "raytrace" */;
			buildPhases = (
				F046400B5A4D43D78CA13C88 /* Sources */,
			);
			buildRules = (
			);
			dependencies = (
				2C6F09D17F4A4773A0314603 /* PBXTargetDependency */,
				E54C713304764B90B006F4BF /* PBXTargetDependency */,
			);
			name = raytrace;
			productName = raytrace;
			productReference = B8E4CA3E6F444FB2853859D6 /* raytrace */;
			productType = "com.apple.product-type.tool";
		};
		8B9EE0621BAC48C7AC1A7C0B /* hwlib */ = {
			isa = PBXNativeTarget;
			buildConfigurationList = 83D85D88031B4B2096D80977 /* Build configuration list for PBXNativeTarget "hwlib" */;
			buildPhases = (
				F1FE758713264B1D806C353C /* Sources */,
			);
			buildRules = (
			);
			dependencies = (
				E37A4BBC4003420F888EE004 /* PBXTargetDependency */,
			);
			name = hwlib;
			productName = hwlib;
			productReference = 86F8159A9CD44F47B97C72A9 /* hwlib */;
			productType = "com.apple.product-type.library.static";
		};
/* End PBXNativeTarget section */

/* Begin PBXProject section */
		1A6D284DAF44428696426DC2 /* Project object */ = {
			isa = PBXProject;
			attributes = {
				BuildIndependentTargetsInParallel = YES;
				LastUpgradeCheck = 0910;
			};
			buildConfigurationList = CCDBEADDFF984550B9223587 /* Build configuration list for PBXProject "graphics17b_hw02" */;
			buildSettings = {
			};
			buildStyles = (
				8951E1B8D0F748BA894ABF0E /* Debug */,
				41AD57005E244E8CB456A43B /* Release */,
				515EF4CB5B904DFC8A22F52A /* MinSizeRel */,
				56D5E1DAC3A14BB4A579F883 /* RelWithDebInfo */,
			);
			compatibilityVersion = "Xcode 3.2";
			hasScannedForEncodings = 0;
			mainGroup = A60039562C204A0BAD827129;
			projectDirPath = ../;
			projectRoot = "";
			targets = (
				5EF52FBEFD244D4FBD1DFC5E /* ALL_BUILD */,
				AB1D77833B734DEE93FA7C91 /* ZERO_CHECK */,
				8B9EE0621BAC48C7AC1A7C0B /* hwlib */,
				4BC3516EA60A417A8A463C5A /* raytrace */,
			);
		};
/* End PBXProject section */

/* Begin PBXShellScriptBuildPhase section */
		2D72DD9A21784BD7A7D06013 /* CMake Rules */ = {
			isa = PBXShellScriptBuildPhase;
			buildActionMask = 2147483647;
			files = (
			);
			name = "CMake Rules";
			runOnlyForDeploymentPostprocessing = 0;
			shellPath = /bin/sh;
			shellScript = "make -C /Users/s1r/Desktop/computer_graphics_hw2/xcode -f /Users/s1r/Desktop/computer_graphics_hw2/xcode/CMakeScripts/ALL_BUILD_cmakeRulesBuildPhase.make$CONFIGURATION all";
			showEnvVarsInLog = 0;
		};
		9936A85200DE4DFCA4187761 = {
			isa = PBXShellScriptBuildPhase;
			buildActionMask = 2147483647;
			files = (
			);
			inputPaths = (
			);
			outputPaths = (
			);
			runOnlyForDeploymentPostprocessing = 0;
			shellPath = /bin/sh;
			shellScript = "# shell script goes here
exit 0";
			showEnvVarsInLog = 0;
		};
		9F5776225062416D83FCF2FD = {
			isa = PBXShellScriptBuildPhase;
			buildActionMask = 2147483647;
			files = (
			);
			inputPaths = (
			);
			outputPaths = (
			);
			runOnlyForDeploymentPostprocessing = 0;
			shellPath = /bin/sh;
			shellScript = "# shell script goes here
exit 0";
			showEnvVarsInLog = 0;
		};
		B48F733F6E364CB0867A06F0 /* CMake Rules */ = {
			isa = PBXShellScriptBuildPhase;
			buildActionMask = 2147483647;
			files = (
			);
			name = "CMake Rules";
			runOnlyForDeploymentPostprocessing = 0;
			shellPath = /bin/sh;
			shellScript = "make -C /Users/s1r/Desktop/computer_graphics_hw2/xcode -f /Users/s1r/Desktop/computer_graphics_hw2/xcode/CMakeScripts/ZERO_CHECK_cmakeRulesBuildPhase.make$CONFIGURATION all";
			showEnvVarsInLog = 0;
		};
/* End PBXShellScriptBuildPhase section */

/* Begin PBXSourcesBuildPhase section */
		F046400B5A4D43D78CA13C88 /* Sources */ = {
			isa = PBXSourcesBuildPhase;
			buildActionMask = 2147483647;
			files = (
				993F586785DE43CF921987D2 /* /Users/s1r/Desktop/computer_graphics_hw2/src/raytrace.cpp */,
			);
			runOnlyForDeploymentPostprocessing = 0;
		};
		F1FE758713264B1D806C353C /* Sources */ = {
			isa = PBXSourcesBuildPhase;
			buildActionMask = 2147483647;
			files = (
				B04CCB0CD31B472A98E6B175 /* /Users/s1r/Desktop/computer_graphics_hw2/src/yocto_gltf.cpp */,
				1AE96267158744E0994034E8 /* /Users/s1r/Desktop/computer_graphics_hw2/src/yocto_img.cpp */,
				AEE1C87F234F43D5AD66FA61 /* /Users/s1r/Desktop/computer_graphics_hw2/src/yocto_obj.cpp */,
				5532310D5CD3421CB050BEEA /* /Users/s1r/Desktop/computer_graphics_hw2/src/yocto_scn.cpp */,
			);
			runOnlyForDeploymentPostprocessing = 0;
		};
/* End PBXSourcesBuildPhase section */

/* Begin PBXTargetDependency section */
		1C984343A9B141899EA0179B /* PBXTargetDependency */ = {
			isa = PBXTargetDependency;
			target = 4BC3516EA60A417A8A463C5A /* raytrace */;
			targetProxy = 91F6C39177A74D9FBFD3EA4F /* PBXContainerItemProxy */;
		};
		2C6F09D17F4A4773A0314603 /* PBXTargetDependency */ = {
			isa = PBXTargetDependency;
			target = 8B9EE0621BAC48C7AC1A7C0B /* hwlib */;
			targetProxy = 3B04BE6CAD834855B98E2CF3 /* PBXContainerItemProxy */;
		};
		B765C0EDE9FB40EFBED6C250 /* PBXTargetDependency */ = {
			isa = PBXTargetDependency;
			target = 8B9EE0621BAC48C7AC1A7C0B /* hwlib */;
			targetProxy = B854257FDE174059BA537FE3 /* PBXContainerItemProxy */;
		};
		C5BA5A4C1F164D45AABF4342 /* PBXTargetDependency */ = {
			isa = PBXTargetDependency;
			target = AB1D77833B734DEE93FA7C91 /* ZERO_CHECK */;
			targetProxy = 6B0B1D183AEF4F88A6144517 /* PBXContainerItemProxy */;
		};
		E37A4BBC4003420F888EE004 /* PBXTargetDependency */ = {
			isa = PBXTargetDependency;
			target = AB1D77833B734DEE93FA7C91 /* ZERO_CHECK */;
			targetProxy = 7B2F7FD7CE3647CF92591EB9 /* PBXContainerItemProxy */;
		};
		E54C713304764B90B006F4BF /* PBXTargetDependency */ = {
			isa = PBXTargetDependency;
			target = AB1D77833B734DEE93FA7C91 /* ZERO_CHECK */;
			targetProxy = 00BEB65D3BD6485698A2EF1D /* PBXContainerItemProxy */;
		};
/* End PBXTargetDependency section */

/* Begin XCBuildConfiguration section */
		09AA5AD2EA8C42158BF853ED /* Release */ = {
			isa = XCBuildConfiguration;
			buildSettings = {
				ONLY_ACTIVE_ARCH = YES;
				SDKROOT = /Applications/Xcode.app/Contents/Developer/Platforms/MacOSX.platform/Developer/SDKs/MacOSX10.13.sdk;
				SYMROOT = /Users/s1r/Desktop/computer_graphics_hw2/xcode/build;
			};
			name = Release;
		};
		0A999B5493494B7992B47BE9 /* RelWithDebInfo */ = {
			isa = XCBuildConfiguration;
			buildSettings = {
				COMBINE_HIDPI_IMAGES = YES;
				CONFIGURATION_BUILD_DIR = /Users/s1r/Desktop/computer_graphics_hw2/bin/RelWithDebInfo;
				EXECUTABLE_PREFIX = lib;
				EXECUTABLE_SUFFIX = .a;
				GCC_GENERATE_DEBUGGING_SYMBOLS = YES;
				GCC_INLINES_ARE_PRIVATE_EXTERN = NO;
				GCC_OPTIMIZATION_LEVEL = 2;
				GCC_PREPROCESSOR_DEFINITIONS = ("'CMAKE_INTDIR=\"$(CONFIGURATION)$(EFFECTIVE_PLATFORM_NAME)\"'");
				GCC_SYMBOLS_PRIVATE_EXTERN = NO;
				INSTALL_PATH = "";
				LIBRARY_STYLE = STATIC;
				OTHER_CPLUSPLUSFLAGS = "       -DNDEBUG '-std=gnu++14'   -Wno-missing-braces";
				OTHER_LIBTOOLFLAGS = " ";
				OTHER_REZFLAGS = "";
				PRODUCT_NAME = hwlib;
				SECTORDER_FLAGS = "";
				SYMROOT = /Users/s1r/Desktop/computer_graphics_hw2/xcode;
				USE_HEADERMAP = NO;
				WARNING_CFLAGS = ("-Wmost","-Wno-four-char-constants","-Wno-unknown-pragmas","$(inherited)");
			};
			name = RelWithDebInfo;
		};
		0B9187503CA44D68A75CBD86 /* Release */ = {
			isa = XCBuildConfiguration;
			buildSettings = {
				COMBINE_HIDPI_IMAGES = YES;
				GCC_GENERATE_DEBUGGING_SYMBOLS = YES;
				GCC_INLINES_ARE_PRIVATE_EXTERN = NO;
				GCC_OPTIMIZATION_LEVEL = 0;
				GCC_PREPROCESSOR_DEFINITIONS = ("'CMAKE_INTDIR=\"$(CONFIGURATION)$(EFFECTIVE_PLATFORM_NAME)\"'");
				GCC_SYMBOLS_PRIVATE_EXTERN = NO;
				INSTALL_PATH = "";
				OTHER_LDFLAGS = " ";
				OTHER_REZFLAGS = "";
				PRODUCT_NAME = ALL_BUILD;
				SECTORDER_FLAGS = "";
				SYMROOT = /Users/s1r/Desktop/computer_graphics_hw2/xcode;
				USE_HEADERMAP = NO;
				WARNING_CFLAGS = ("-Wmost","-Wno-four-char-constants","-Wno-unknown-pragmas","$(inherited)");
			};
			name = Release;
		};
		0DC1744AC1B24B02BCA66C31 /* MinSizeRel */ = {
			isa = XCBuildConfiguration;
			buildSettings = {
				ONLY_ACTIVE_ARCH = YES;
				SDKROOT = /Applications/Xcode.app/Contents/Developer/Platforms/MacOSX.platform/Developer/SDKs/MacOSX10.13.sdk;
				SYMROOT = /Users/s1r/Desktop/computer_graphics_hw2/xcode/build;
			};
			name = MinSizeRel;
		};
		214F73FDC51542C0A1FE1F2A /* Debug */ = {
			isa = XCBuildConfiguration;
			buildSettings = {
				COMBINE_HIDPI_IMAGES = YES;
				CONFIGURATION_BUILD_DIR = /Users/s1r/Desktop/computer_graphics_hw2/bin/Debug;
				EXECUTABLE_PREFIX = "";
				EXECUTABLE_SUFFIX = "";
				GCC_GENERATE_DEBUGGING_SYMBOLS = YES;
				GCC_INLINES_ARE_PRIVATE_EXTERN = NO;
				GCC_OPTIMIZATION_LEVEL = 0;
				GCC_PREPROCESSOR_DEFINITIONS = ("'CMAKE_INTDIR=\"$(CONFIGURATION)$(EFFECTIVE_PLATFORM_NAME)\"'");
				GCC_SYMBOLS_PRIVATE_EXTERN = NO;
				INSTALL_PATH = "";
				LIBRARY_SEARCH_PATHS = "";
				OTHER_CPLUSPLUSFLAGS = "   '-std=gnu++14'   -Wno-missing-braces";
				OTHER_LDFLAGS = " -Wl,-search_paths_first -Wl,-headerpad_max_install_names  /Users/s1r/Desktop/computer_graphics_hw2/bin/Debug/libhwlib.a";
				OTHER_REZFLAGS = "";
				PRODUCT_NAME = raytrace;
				SECTORDER_FLAGS = "";
				SYMROOT = /Users/s1r/Desktop/computer_graphics_hw2/xcode;
				USE_HEADERMAP = NO;
				WARNING_CFLAGS = ("-Wmost","-Wno-four-char-constants","-Wno-unknown-pragmas","$(inherited)");
			};
			name = Debug;
		};
		26DD6D95D7124CE18A276A79 /* RelWithDebInfo */ = {
			isa = XCBuildConfiguration;
			buildSettings = {
				ONLY_ACTIVE_ARCH = YES;
				SDKROOT = /Applications/Xcode.app/Contents/Developer/Platforms/MacOSX.platform/Developer/SDKs/MacOSX10.13.sdk;
				SYMROOT = /Users/s1r/Desktop/computer_graphics_hw2/xcode/build;
			};
			name = RelWithDebInfo;
		};
		4462B64FF31746E4B0B60BAA /* RelWithDebInfo */ = {
			isa = XCBuildConfiguration;
			buildSettings = {
				COMBINE_HIDPI_IMAGES = YES;
				CONFIGURATION_BUILD_DIR = /Users/s1r/Desktop/computer_graphics_hw2/bin/RelWithDebInfo;
				EXECUTABLE_PREFIX = "";
				EXECUTABLE_SUFFIX = "";
				GCC_GENERATE_DEBUGGING_SYMBOLS = YES;
				GCC_INLINES_ARE_PRIVATE_EXTERN = NO;
				GCC_OPTIMIZATION_LEVEL = 2;
				GCC_PREPROCESSOR_DEFINITIONS = ("'CMAKE_INTDIR=\"$(CONFIGURATION)$(EFFECTIVE_PLATFORM_NAME)\"'");
				GCC_SYMBOLS_PRIVATE_EXTERN = NO;
				INSTALL_PATH = "";
				LIBRARY_SEARCH_PATHS = "";
				OTHER_CPLUSPLUSFLAGS = "       -DNDEBUG '-std=gnu++14'   -Wno-missing-braces";
				OTHER_LDFLAGS = " -Wl,-search_paths_first -Wl,-headerpad_max_install_names  /Users/s1r/Desktop/computer_graphics_hw2/bin/RelWithDebInfo/libhwlib.a";
				OTHER_REZFLAGS = "";
				PRODUCT_NAME = raytrace;
				SECTORDER_FLAGS = "";
				SYMROOT = /Users/s1r/Desktop/computer_graphics_hw2/xcode;
				USE_HEADERMAP = NO;
				WARNING_CFLAGS = ("-Wmost","-Wno-four-char-constants","-Wno-unknown-pragmas","$(inherited)");
			};
			name = RelWithDebInfo;
		};
		4EFB76CBBC2448448A1899F7 /* Debug */ = {
			isa = XCBuildConfiguration;
			buildSettings = {
				COMBINE_HIDPI_IMAGES = YES;
				GCC_GENERATE_DEBUGGING_SYMBOLS = YES;
				GCC_INLINES_ARE_PRIVATE_EXTERN = NO;
				GCC_OPTIMIZATION_LEVEL = 0;
				GCC_PREPROCESSOR_DEFINITIONS = ("'CMAKE_INTDIR=\"$(CONFIGURATION)$(EFFECTIVE_PLATFORM_NAME)\"'");
				GCC_SYMBOLS_PRIVATE_EXTERN = NO;
				INSTALL_PATH = "";
				OTHER_LDFLAGS = " ";
				OTHER_REZFLAGS = "";
				PRODUCT_NAME = ZERO_CHECK;
				SECTORDER_FLAGS = "";
				SYMROOT = /Users/s1r/Desktop/computer_graphics_hw2/xcode;
				USE_HEADERMAP = NO;
				WARNING_CFLAGS = ("-Wmost","-Wno-four-char-constants","-Wno-unknown-pragmas","$(inherited)");
			};
			name = Debug;
		};
		58727C3E46C64F1C9C4D82FE /* Release */ = {
			isa = XCBuildConfiguration;
			buildSettings = {
				COMBINE_HIDPI_IMAGES = YES;
				GCC_GENERATE_DEBUGGING_SYMBOLS = YES;
				GCC_INLINES_ARE_PRIVATE_EXTERN = NO;
				GCC_OPTIMIZATION_LEVEL = 0;
				GCC_PREPROCESSOR_DEFINITIONS = ("'CMAKE_INTDIR=\"$(CONFIGURATION)$(EFFECTIVE_PLATFORM_NAME)\"'");
				GCC_SYMBOLS_PRIVATE_EXTERN = NO;
				INSTALL_PATH = "";
				OTHER_LDFLAGS = " ";
				OTHER_REZFLAGS = "";
				PRODUCT_NAME = ZERO_CHECK;
				SECTORDER_FLAGS = "";
				SYMROOT = /Users/s1r/Desktop/computer_graphics_hw2/xcode;
				USE_HEADERMAP = NO;
				WARNING_CFLAGS = ("-Wmost","-Wno-four-char-constants","-Wno-unknown-pragmas","$(inherited)");
			};
			name = Release;
		};
		61C6924298F14EDDB517EFD1 /* MinSizeRel */ = {
			isa = XCBuildConfiguration;
			buildSettings = {
				COMBINE_HIDPI_IMAGES = YES;
				GCC_GENERATE_DEBUGGING_SYMBOLS = YES;
				GCC_INLINES_ARE_PRIVATE_EXTERN = NO;
				GCC_OPTIMIZATION_LEVEL = 0;
				GCC_PREPROCESSOR_DEFINITIONS = ("'CMAKE_INTDIR=\"$(CONFIGURATION)$(EFFECTIVE_PLATFORM_NAME)\"'");
				GCC_SYMBOLS_PRIVATE_EXTERN = NO;
				INSTALL_PATH = "";
				OTHER_LDFLAGS = " ";
				OTHER_REZFLAGS = "";
				PRODUCT_NAME = ALL_BUILD;
				SECTORDER_FLAGS = "";
				SYMROOT = /Users/s1r/Desktop/computer_graphics_hw2/xcode;
				USE_HEADERMAP = NO;
				WARNING_CFLAGS = ("-Wmost","-Wno-four-char-constants","-Wno-unknown-pragmas","$(inherited)");
			};
			name = MinSizeRel;
		};
		842513A90FCA4B4EBC60382E /* MinSizeRel */ = {
			isa = XCBuildConfiguration;
			buildSettings = {
				COMBINE_HIDPI_IMAGES = YES;
				CONFIGURATION_BUILD_DIR = /Users/s1r/Desktop/computer_graphics_hw2/bin/MinSizeRel;
				EXECUTABLE_PREFIX = "";
				EXECUTABLE_SUFFIX = "";
				GCC_GENERATE_DEBUGGING_SYMBOLS = NO;
				GCC_INLINES_ARE_PRIVATE_EXTERN = NO;
				GCC_OPTIMIZATION_LEVEL = s;
				GCC_PREPROCESSOR_DEFINITIONS = ("'CMAKE_INTDIR=\"$(CONFIGURATION)$(EFFECTIVE_PLATFORM_NAME)\"'");
				GCC_SYMBOLS_PRIVATE_EXTERN = NO;
				INSTALL_PATH = "";
				LIBRARY_SEARCH_PATHS = "";
				OTHER_CPLUSPLUSFLAGS = "    -DNDEBUG '-std=gnu++14'   -Wno-missing-braces";
				OTHER_LDFLAGS = " -Wl,-search_paths_first -Wl,-headerpad_max_install_names  /Users/s1r/Desktop/computer_graphics_hw2/bin/MinSizeRel/libhwlib.a";
				OTHER_REZFLAGS = "";
				PRODUCT_NAME = raytrace;
				SECTORDER_FLAGS = "";
				SYMROOT = /Users/s1r/Desktop/computer_graphics_hw2/xcode;
				USE_HEADERMAP = NO;
				WARNING_CFLAGS = ("-Wmost","-Wno-four-char-constants","-Wno-unknown-pragmas","$(inherited)");
			};
			name = MinSizeRel;
		};
		89174CABAC7C4BE681D5B39A /* RelWithDebInfo */ = {
			isa = XCBuildConfiguration;
			buildSettings = {
				COMBINE_HIDPI_IMAGES = YES;
				GCC_GENERATE_DEBUGGING_SYMBOLS = YES;
				GCC_INLINES_ARE_PRIVATE_EXTERN = NO;
				GCC_OPTIMIZATION_LEVEL = 0;
				GCC_PREPROCESSOR_DEFINITIONS = ("'CMAKE_INTDIR=\"$(CONFIGURATION)$(EFFECTIVE_PLATFORM_NAME)\"'");
				GCC_SYMBOLS_PRIVATE_EXTERN = NO;
				INSTALL_PATH = "";
				OTHER_LDFLAGS = " ";
				OTHER_REZFLAGS = "";
				PRODUCT_NAME = ALL_BUILD;
				SECTORDER_FLAGS = "";
				SYMROOT = /Users/s1r/Desktop/computer_graphics_hw2/xcode;
				USE_HEADERMAP = NO;
				WARNING_CFLAGS = ("-Wmost","-Wno-four-char-constants","-Wno-unknown-pragmas","$(inherited)");
			};
			name = RelWithDebInfo;
		};
		8943955D2FDF43E686456A67 /* Debug */ = {
			isa = XCBuildConfiguration;
			buildSettings = {
				COMBINE_HIDPI_IMAGES = YES;
				GCC_GENERATE_DEBUGGING_SYMBOLS = YES;
				GCC_INLINES_ARE_PRIVATE_EXTERN = NO;
				GCC_OPTIMIZATION_LEVEL = 0;
				GCC_PREPROCESSOR_DEFINITIONS = ("'CMAKE_INTDIR=\"$(CONFIGURATION)$(EFFECTIVE_PLATFORM_NAME)\"'");
				GCC_SYMBOLS_PRIVATE_EXTERN = NO;
				INSTALL_PATH = "";
				OTHER_LDFLAGS = " ";
				OTHER_REZFLAGS = "";
				PRODUCT_NAME = ALL_BUILD;
				SECTORDER_FLAGS = "";
				SYMROOT = /Users/s1r/Desktop/computer_graphics_hw2/xcode;
				USE_HEADERMAP = NO;
				WARNING_CFLAGS = ("-Wmost","-Wno-four-char-constants","-Wno-unknown-pragmas","$(inherited)");
			};
			name = Debug;
		};
		8A2842E61DF845C0B9DC7F70 /* Release */ = {
			isa = XCBuildConfiguration;
			buildSettings = {
				COMBINE_HIDPI_IMAGES = YES;
				CONFIGURATION_BUILD_DIR = /Users/s1r/Desktop/computer_graphics_hw2/bin/Release;
				EXECUTABLE_PREFIX = lib;
				EXECUTABLE_SUFFIX = .a;
				GCC_GENERATE_DEBUGGING_SYMBOLS = NO;
				GCC_INLINES_ARE_PRIVATE_EXTERN = NO;
				GCC_OPTIMIZATION_LEVEL = 3;
				GCC_PREPROCESSOR_DEFINITIONS = ("'CMAKE_INTDIR=\"$(CONFIGURATION)$(EFFECTIVE_PLATFORM_NAME)\"'");
				GCC_SYMBOLS_PRIVATE_EXTERN = NO;
				INSTALL_PATH = "";
				LIBRARY_STYLE = STATIC;
				OTHER_CPLUSPLUSFLAGS = "    -DNDEBUG '-std=gnu++14'   -Wno-missing-braces";
				OTHER_LIBTOOLFLAGS = " ";
				OTHER_REZFLAGS = "";
				PRODUCT_NAME = hwlib;
				SECTORDER_FLAGS = "";
				SYMROOT = /Users/s1r/Desktop/computer_graphics_hw2/xcode;
				USE_HEADERMAP = NO;
				WARNING_CFLAGS = ("-Wmost","-Wno-four-char-constants","-Wno-unknown-pragmas","$(inherited)");
			};
			name = Release;
		};
		8D44BA749F274231A53F9E46 /* Release */ = {
			isa = XCBuildConfiguration;
			buildSettings = {
				COMBINE_HIDPI_IMAGES = YES;
				CONFIGURATION_BUILD_DIR = /Users/s1r/Desktop/computer_graphics_hw2/bin/Release;
				EXECUTABLE_PREFIX = "";
				EXECUTABLE_SUFFIX = "";
				GCC_GENERATE_DEBUGGING_SYMBOLS = NO;
				GCC_INLINES_ARE_PRIVATE_EXTERN = NO;
				GCC_OPTIMIZATION_LEVEL = 3;
				GCC_PREPROCESSOR_DEFINITIONS = ("'CMAKE_INTDIR=\"$(CONFIGURATION)$(EFFECTIVE_PLATFORM_NAME)\"'");
				GCC_SYMBOLS_PRIVATE_EXTERN = NO;
				INSTALL_PATH = "";
				LIBRARY_SEARCH_PATHS = "";
				OTHER_CPLUSPLUSFLAGS = "    -DNDEBUG '-std=gnu++14'   -Wno-missing-braces";
				OTHER_LDFLAGS = " -Wl,-search_paths_first -Wl,-headerpad_max_install_names  /Users/s1r/Desktop/computer_graphics_hw2/bin/Release/libhwlib.a";
				OTHER_REZFLAGS = "";
				PRODUCT_NAME = raytrace;
				SECTORDER_FLAGS = "";
				SYMROOT = /Users/s1r/Desktop/computer_graphics_hw2/xcode;
				USE_HEADERMAP = NO;
				WARNING_CFLAGS = ("-Wmost","-Wno-four-char-constants","-Wno-unknown-pragmas","$(inherited)");
			};
			name = Release;
		};
		A0E09246E9B34061B90CBE67 /* Debug */ = {
			isa = XCBuildConfiguration;
			buildSettings = {
				ONLY_ACTIVE_ARCH = YES;
				SDKROOT = /Applications/Xcode.app/Contents/Developer/Platforms/MacOSX.platform/Developer/SDKs/MacOSX10.13.sdk;
				SYMROOT = /Users/s1r/Desktop/computer_graphics_hw2/xcode/build;
			};
			name = Debug;
		};
		B79516B1B1B442E89971B475 /* Debug */ = {
			isa = XCBuildConfiguration;
			buildSettings = {
				COMBINE_HIDPI_IMAGES = YES;
				CONFIGURATION_BUILD_DIR = /Users/s1r/Desktop/computer_graphics_hw2/bin/Debug;
				EXECUTABLE_PREFIX = lib;
				EXECUTABLE_SUFFIX = .a;
				GCC_GENERATE_DEBUGGING_SYMBOLS = YES;
				GCC_INLINES_ARE_PRIVATE_EXTERN = NO;
				GCC_OPTIMIZATION_LEVEL = 0;
				GCC_PREPROCESSOR_DEFINITIONS = ("'CMAKE_INTDIR=\"$(CONFIGURATION)$(EFFECTIVE_PLATFORM_NAME)\"'");
				GCC_SYMBOLS_PRIVATE_EXTERN = NO;
				INSTALL_PATH = "";
				LIBRARY_STYLE = STATIC;
				OTHER_CPLUSPLUSFLAGS = "   '-std=gnu++14'   -Wno-missing-braces";
				OTHER_LIBTOOLFLAGS = " ";
				OTHER_REZFLAGS = "";
				PRODUCT_NAME = hwlib;
				SECTORDER_FLAGS = "";
				SYMROOT = /Users/s1r/Desktop/computer_graphics_hw2/xcode;
				USE_HEADERMAP = NO;
				WARNING_CFLAGS = ("-Wmost","-Wno-four-char-constants","-Wno-unknown-pragmas","$(inherited)");
			};
			name = Debug;
		};
		BBF7BF4F68FF4A989EE002DE /* MinSizeRel */ = {
			isa = XCBuildConfiguration;
			buildSettings = {
				COMBINE_HIDPI_IMAGES = YES;
				CONFIGURATION_BUILD_DIR = /Users/s1r/Desktop/computer_graphics_hw2/bin/MinSizeRel;
				EXECUTABLE_PREFIX = lib;
				EXECUTABLE_SUFFIX = .a;
				GCC_GENERATE_DEBUGGING_SYMBOLS = NO;
				GCC_INLINES_ARE_PRIVATE_EXTERN = NO;
				GCC_OPTIMIZATION_LEVEL = s;
				GCC_PREPROCESSOR_DEFINITIONS = ("'CMAKE_INTDIR=\"$(CONFIGURATION)$(EFFECTIVE_PLATFORM_NAME)\"'");
				GCC_SYMBOLS_PRIVATE_EXTERN = NO;
				INSTALL_PATH = "";
				LIBRARY_STYLE = STATIC;
				OTHER_CPLUSPLUSFLAGS = "    -DNDEBUG '-std=gnu++14'   -Wno-missing-braces";
				OTHER_LIBTOOLFLAGS = " ";
				OTHER_REZFLAGS = "";
				PRODUCT_NAME = hwlib;
				SECTORDER_FLAGS = "";
				SYMROOT = /Users/s1r/Desktop/computer_graphics_hw2/xcode;
				USE_HEADERMAP = NO;
				WARNING_CFLAGS = ("-Wmost","-Wno-four-char-constants","-Wno-unknown-pragmas","$(inherited)");
			};
			name = MinSizeRel;
		};
		EDD363AFDA024EA988084845 /* RelWithDebInfo */ = {
			isa = XCBuildConfiguration;
			buildSettings = {
				COMBINE_HIDPI_IMAGES = YES;
				GCC_GENERATE_DEBUGGING_SYMBOLS = YES;
				GCC_INLINES_ARE_PRIVATE_EXTERN = NO;
				GCC_OPTIMIZATION_LEVEL = 0;
				GCC_PREPROCESSOR_DEFINITIONS = ("'CMAKE_INTDIR=\"$(CONFIGURATION)$(EFFECTIVE_PLATFORM_NAME)\"'");
				GCC_SYMBOLS_PRIVATE_EXTERN = NO;
				INSTALL_PATH = "";
				OTHER_LDFLAGS = " ";
				OTHER_REZFLAGS = "";
				PRODUCT_NAME = ZERO_CHECK;
				SECTORDER_FLAGS = "";
				SYMROOT = /Users/s1r/Desktop/computer_graphics_hw2/xcode;
				USE_HEADERMAP = NO;
				WARNING_CFLAGS = ("-Wmost","-Wno-four-char-constants","-Wno-unknown-pragmas","$(inherited)");
			};
			name = RelWithDebInfo;
		};
		F011D70A05454C1DB587B8DF /* MinSizeRel */ = {
			isa = XCBuildConfiguration;
			buildSettings = {
				COMBINE_HIDPI_IMAGES = YES;
				GCC_GENERATE_DEBUGGING_SYMBOLS = YES;
				GCC_INLINES_ARE_PRIVATE_EXTERN = NO;
				GCC_OPTIMIZATION_LEVEL = 0;
				GCC_PREPROCESSOR_DEFINITIONS = ("'CMAKE_INTDIR=\"$(CONFIGURATION)$(EFFECTIVE_PLATFORM_NAME)\"'");
				GCC_SYMBOLS_PRIVATE_EXTERN = NO;
				INSTALL_PATH = "";
				OTHER_LDFLAGS = " ";
				OTHER_REZFLAGS = "";
				PRODUCT_NAME = ZERO_CHECK;
				SECTORDER_FLAGS = "";
				SYMROOT = /Users/s1r/Desktop/computer_graphics_hw2/xcode;
				USE_HEADERMAP = NO;
				WARNING_CFLAGS = ("-Wmost","-Wno-four-char-constants","-Wno-unknown-pragmas","$(inherited)");
			};
			name = MinSizeRel;
		};
/* End XCBuildConfiguration section */

/* Begin XCConfigurationList section */
		42A3B6F4218C4D068F20DFCC /* Build configuration list for PBXAggregateTarget "ALL_BUILD" */ = {
			isa = XCConfigurationList;
			buildConfigurations = (
				8943955D2FDF43E686456A67 /* Debug */,
				0B9187503CA44D68A75CBD86 /* Release */,
				61C6924298F14EDDB517EFD1 /* MinSizeRel */,
				89174CABAC7C4BE681D5B39A /* RelWithDebInfo */,
			);
			defaultConfigurationIsVisible = 0;
			defaultConfigurationName = Debug;
		};
		83D85D88031B4B2096D80977 /* Build configuration list for PBXNativeTarget "hwlib" */ = {
			isa = XCConfigurationList;
			buildConfigurations = (
				B79516B1B1B442E89971B475 /* Debug */,
				8A2842E61DF845C0B9DC7F70 /* Release */,
				BBF7BF4F68FF4A989EE002DE /* MinSizeRel */,
				0A999B5493494B7992B47BE9 /* RelWithDebInfo */,
			);
			defaultConfigurationIsVisible = 0;
			defaultConfigurationName = Debug;
		};
		CCDBEADDFF984550B9223587 /* Build configuration list for PBXProject "graphics17b_hw02" */ = {
			isa = XCConfigurationList;
			buildConfigurations = (
				A0E09246E9B34061B90CBE67 /* Debug */,
				09AA5AD2EA8C42158BF853ED /* Release */,
				0DC1744AC1B24B02BCA66C31 /* MinSizeRel */,
				26DD6D95D7124CE18A276A79 /* RelWithDebInfo */,
			);
			defaultConfigurationIsVisible = 0;
			defaultConfigurationName = Debug;
		};
		D9BB361BCFE04A878F2056FD /* Build configuration list for PBXNativeTarget "raytrace" */ = {
			isa = XCConfigurationList;
			buildConfigurations = (
				214F73FDC51542C0A1FE1F2A /* Debug */,
				8D44BA749F274231A53F9E46 /* Release */,
				842513A90FCA4B4EBC60382E /* MinSizeRel */,
				4462B64FF31746E4B0B60BAA /* RelWithDebInfo */,
			);
			defaultConfigurationIsVisible = 0;
			defaultConfigurationName = Debug;
		};
		FD0F46D7E76340228D2CF41F /* Build configuration list for PBXAggregateTarget "ZERO_CHECK" */ = {
			isa = XCConfigurationList;
			buildConfigurations = (
				4EFB76CBBC2448448A1899F7 /* Debug */,
				58727C3E46C64F1C9C4D82FE /* Release */,
				F011D70A05454C1DB587B8DF /* MinSizeRel */,
				EDD363AFDA024EA988084845 /* RelWithDebInfo */,
			);
			defaultConfigurationIsVisible = 0;
			defaultConfigurationName = Debug;
		};
/* End XCConfigurationList section */
	};
	rootObject = 1A6D284DAF44428696426DC2 /* Project object */;
}
